// !$*UTF8*$!
{
	archiveVersion = 1;
	classes = {
	};
	objectVersion = 52;
	objects = {

/* Begin PBXBuildFile section */
		AE3C514326684B3A0043E3D1 /* NBARRuschaApp.swift in Sources */ = {isa = PBXBuildFile; fileRef = AE3C514226684B3A0043E3D1 /* NBARRuschaApp.swift */; };
		AE3C517826684BF40043E3D1 /* NBARRuschaWebView.swift in Sources */ = {isa = PBXBuildFile; fileRef = AE3C516F26684BF30043E3D1 /* NBARRuschaWebView.swift */; };
		AE3C517D26684BF40043E3D1 /* NBARRuschaPicker.swift in Sources */ = {isa = PBXBuildFile; fileRef = AE3C517426684BF40043E3D1 /* NBARRuschaPicker.swift */; };
		AE3C517E26684BF40043E3D1 /* Launch Screen.storyboard in Resources */ = {isa = PBXBuildFile; fileRef = AE3C517526684BF40043E3D1 /* Launch Screen.storyboard */; };
		AE3C517F26684BF40043E3D1 /* Getty.png in Resources */ = {isa = PBXBuildFile; fileRef = AE3C517626684BF40043E3D1 /* Getty.png */; };
		AE3C518026684BF40043E3D1 /* NBARRuschaDataModel.swift in Sources */ = {isa = PBXBuildFile; fileRef = AE3C517726684BF40043E3D1 /* NBARRuschaDataModel.swift */; };
		AE82B00C2676D27B00F9FE82 /* NBARNetworkSession.swift in Sources */ = {isa = PBXBuildFile; fileRef = AE82B0022676D27B00F9FE82 /* NBARNetworkSession.swift */; };
		AE82B00D2676D27B00F9FE82 /* NBARNetworkImageSerialization.swift in Sources */ = {isa = PBXBuildFile; fileRef = AE82B0032676D27B00F9FE82 /* NBARNetworkImageSerialization.swift */; };
		AE82B00E2676D27B00F9FE82 /* NBARNetworkResponse.swift in Sources */ = {isa = PBXBuildFile; fileRef = AE82B0042676D27B00F9FE82 /* NBARNetworkResponse.swift */; };
		AE82B00F2676D27B00F9FE82 /* NBARNetworkDataTask.swift in Sources */ = {isa = PBXBuildFile; fileRef = AE82B0052676D27B00F9FE82 /* NBARNetworkDataTask.swift */; };
		AE82B0112676D27B00F9FE82 /* NBARNetworkJSONOperation.swift in Sources */ = {isa = PBXBuildFile; fileRef = AE82B0072676D27B00F9FE82 /* NBARNetworkJSONOperation.swift */; };
		AE82B0122676D27B00F9FE82 /* NBARNetworkJSONHandler.swift in Sources */ = {isa = PBXBuildFile; fileRef = AE82B0082676D27B00F9FE82 /* NBARNetworkJSONHandler.swift */; };
		AE82B0132676D27B00F9FE82 /* NBARNetworkImageOperation.swift in Sources */ = {isa = PBXBuildFile; fileRef = AE82B0092676D27B00F9FE82 /* NBARNetworkImageOperation.swift */; };
		AE82B0142676D27B00F9FE82 /* NBARNetworkDataHandler.swift in Sources */ = {isa = PBXBuildFile; fileRef = AE82B00A2676D27B00F9FE82 /* NBARNetworkDataHandler.swift */; };
		AE82B0152676D27B00F9FE82 /* NBARNetworkImageHandler.swift in Sources */ = {isa = PBXBuildFile; fileRef = AE82B00B2676D27B00F9FE82 /* NBARNetworkImageHandler.swift */; };
		AE82B0202676D2A100F9FE82 /* NBARNetworkJSONOperationTestCase.swift in Sources */ = {isa = PBXBuildFile; fileRef = AE82B0172676D2A100F9FE82 /* NBARNetworkJSONOperationTestCase.swift */; };
		AE82B0212676D2A100F9FE82 /* NBARNetworkImageHandlerTestCase.swift in Sources */ = {isa = PBXBuildFile; fileRef = AE82B0182676D2A100F9FE82 /* NBARNetworkImageHandlerTestCase.swift */; };
		AE82B0222676D2A100F9FE82 /* NBARNetworkImageSerializationTestCase.swift in Sources */ = {isa = PBXBuildFile; fileRef = AE82B0192676D2A100F9FE82 /* NBARNetworkImageSerializationTestCase.swift */; };
		AE82B0232676D2A100F9FE82 /* NBARNetworkDataTaskTestCase.swift in Sources */ = {isa = PBXBuildFile; fileRef = AE82B01A2676D2A100F9FE82 /* NBARNetworkDataTaskTestCase.swift */; };
		AE82B0242676D2A100F9FE82 /* NBARNetworkDataHandlerTestCase.swift in Sources */ = {isa = PBXBuildFile; fileRef = AE82B01B2676D2A100F9FE82 /* NBARNetworkDataHandlerTestCase.swift */; };
		AE82B0252676D2A100F9FE82 /* NBARNetworkSessionTestCase.swift in Sources */ = {isa = PBXBuildFile; fileRef = AE82B01C2676D2A100F9FE82 /* NBARNetworkSessionTestCase.swift */; };
		AE82B0272676D2A100F9FE82 /* NBARNetworkJSONHandlerTestCase.swift in Sources */ = {isa = PBXBuildFile; fileRef = AE82B01E2676D2A100F9FE82 /* NBARNetworkJSONHandlerTestCase.swift */; };
		AE82B0282676D2A100F9FE82 /* NBARNetworkImageOperationTestCase.swift in Sources */ = {isa = PBXBuildFile; fileRef = AE82B01F2676D2A100F9FE82 /* NBARNetworkImageOperationTestCase.swift */; };
		AE82B0292676D30300F9FE82 /* NBARNetworkJSONHandler.swift in Sources */ = {isa = PBXBuildFile; fileRef = AE82B0082676D27B00F9FE82 /* NBARNetworkJSONHandler.swift */; };
		AE82B02A2676D30300F9FE82 /* NBARNetworkImageHandler.swift in Sources */ = {isa = PBXBuildFile; fileRef = AE82B00B2676D27B00F9FE82 /* NBARNetworkImageHandler.swift */; };
		AE82B02B2676D30300F9FE82 /* NBARNetworkImageOperation.swift in Sources */ = {isa = PBXBuildFile; fileRef = AE82B0092676D27B00F9FE82 /* NBARNetworkImageOperation.swift */; };
		AE82B02C2676D30300F9FE82 /* NBARNetworkJSONOperation.swift in Sources */ = {isa = PBXBuildFile; fileRef = AE82B0072676D27B00F9FE82 /* NBARNetworkJSONOperation.swift */; };
		AE82B02D2676D30300F9FE82 /* NBARNetworkResponse.swift in Sources */ = {isa = PBXBuildFile; fileRef = AE82B0042676D27B00F9FE82 /* NBARNetworkResponse.swift */; };
		AE82B02E2676D30300F9FE82 /* NBARNetworkImageSerialization.swift in Sources */ = {isa = PBXBuildFile; fileRef = AE82B0032676D27B00F9FE82 /* NBARNetworkImageSerialization.swift */; };
		AE82B02F2676D30300F9FE82 /* NBARNetworkDataTask.swift in Sources */ = {isa = PBXBuildFile; fileRef = AE82B0052676D27B00F9FE82 /* NBARNetworkDataTask.swift */; };
		AE82B0302676D30300F9FE82 /* NBARNetworkSession.swift in Sources */ = {isa = PBXBuildFile; fileRef = AE82B0022676D27B00F9FE82 /* NBARNetworkSession.swift */; };
		AE82B0312676D30300F9FE82 /* NBARNetworkDataHandler.swift in Sources */ = {isa = PBXBuildFile; fileRef = AE82B00A2676D27B00F9FE82 /* NBARNetworkDataHandler.swift */; };
		AE82B0332676D63C00F9FE82 /* NBARNetworkTests.swift in Sources */ = {isa = PBXBuildFile; fileRef = AE82B0322676D63C00F9FE82 /* NBARNetworkTests.swift */; };
		AE82B0382677002900F9FE82 /* NBARNetwork.swift in Sources */ = {isa = PBXBuildFile; fileRef = AE82B0372677002900F9FE82 /* NBARNetwork.swift */; };
		AE82B0392677002900F9FE82 /* NBARNetwork.swift in Sources */ = {isa = PBXBuildFile; fileRef = AE82B0372677002900F9FE82 /* NBARNetwork.swift */; };
		AEF39E222681A31200FB8ADD /* NBARKit.xcframework in Frameworks */ = {isa = PBXBuildFile; fileRef = AEF39E202681A2D400FB8ADD /* NBARKit.xcframework */; };
		AEF39E232681A31200FB8ADD /* NBARKit.xcframework in Embed Frameworks */ = {isa = PBXBuildFile; fileRef = AEF39E202681A2D400FB8ADD /* NBARKit.xcframework */; settings = {ATTRIBUTES = (CodeSignOnCopy, RemoveHeadersOnCopy, ); }; };
/* End PBXBuildFile section */

/* Begin PBXContainerItemProxy section */
		AE3C515126684B3B0043E3D1 /* PBXContainerItemProxy */ = {
			isa = PBXContainerItemProxy;
			containerPortal = AE3C513726684B3A0043E3D1 /* Project object */;
			proxyType = 1;
			remoteGlobalIDString = AE3C513E26684B3A0043E3D1;
			remoteInfo = NBARRuscha;
		};
/* End PBXContainerItemProxy section */

/* Begin PBXCopyFilesBuildPhase section */
		AE513CF62668A04000ADB6E6 /* Embed Frameworks */ = {
			isa = PBXCopyFilesBuildPhase;
			buildActionMask = 2147483647;
			dstPath = "";
			dstSubfolderSpec = 10;
			files = (
				AEF39E232681A31200FB8ADD /* NBARKit.xcframework in Embed Frameworks */,
			);
			name = "Embed Frameworks";
			runOnlyForDeploymentPostprocessing = 0;
		};
/* End PBXCopyFilesBuildPhase section */

/* Begin PBXFileReference section */
		AE065FEB2668C20B0096C79C /* ACKNOWLEDGMENTS.txt */ = {isa = PBXFileReference; lastKnownFileType = text; path = ACKNOWLEDGMENTS.txt; sourceTree = "<group>"; };
		AE065FEC2668C20B0096C79C /* LICENSE.txt */ = {isa = PBXFileReference; lastKnownFileType = text; path = LICENSE.txt; sourceTree = "<group>"; };
		AE065FED2668C2130096C79C /* README.md */ = {isa = PBXFileReference; lastKnownFileType = net.daringfireball.markdown; path = README.md; sourceTree = "<group>"; };
		AE3C513F26684B3A0043E3D1 /* NBARRuscha.app */ = {isa = PBXFileReference; explicitFileType = wrapper.application; includeInIndex = 0; path = NBARRuscha.app; sourceTree = BUILT_PRODUCTS_DIR; };
		AE3C514226684B3A0043E3D1 /* NBARRuschaApp.swift */ = {isa = PBXFileReference; lastKnownFileType = sourcecode.swift; path = NBARRuschaApp.swift; sourceTree = "<group>"; };
		AE3C514B26684B3B0043E3D1 /* Info.plist */ = {isa = PBXFileReference; lastKnownFileType = text.plist.xml; path = Info.plist; sourceTree = "<group>"; };
		AE3C515026684B3B0043E3D1 /* NBARRuschaTests.xctest */ = {isa = PBXFileReference; explicitFileType = wrapper.cfbundle; includeInIndex = 0; path = NBARRuschaTests.xctest; sourceTree = BUILT_PRODUCTS_DIR; };
		AE3C515626684B3B0043E3D1 /* Info.plist */ = {isa = PBXFileReference; lastKnownFileType = text.plist.xml; path = Info.plist; sourceTree = "<group>"; };
		AE3C516F26684BF30043E3D1 /* NBARRuschaWebView.swift */ = {isa = PBXFileReference; fileEncoding = 4; lastKnownFileType = sourcecode.swift; path = NBARRuschaWebView.swift; sourceTree = "<group>"; };
		AE3C517426684BF40043E3D1 /* NBARRuschaPicker.swift */ = {isa = PBXFileReference; fileEncoding = 4; lastKnownFileType = sourcecode.swift; path = NBARRuschaPicker.swift; sourceTree = "<group>"; };
		AE3C517526684BF40043E3D1 /* Launch Screen.storyboard */ = {isa = PBXFileReference; fileEncoding = 4; lastKnownFileType = file.storyboard; path = "Launch Screen.storyboard"; sourceTree = "<group>"; };
		AE3C517626684BF40043E3D1 /* Getty.png */ = {isa = PBXFileReference; lastKnownFileType = image.png; path = Getty.png; sourceTree = "<group>"; };
		AE3C517726684BF40043E3D1 /* NBARRuschaDataModel.swift */ = {isa = PBXFileReference; fileEncoding = 4; lastKnownFileType = sourcecode.swift; path = NBARRuschaDataModel.swift; sourceTree = "<group>"; };
		AE82B0022676D27B00F9FE82 /* NBARNetworkSession.swift */ = {isa = PBXFileReference; fileEncoding = 4; lastKnownFileType = sourcecode.swift; path = NBARNetworkSession.swift; sourceTree = "<group>"; };
		AE82B0032676D27B00F9FE82 /* NBARNetworkImageSerialization.swift */ = {isa = PBXFileReference; fileEncoding = 4; lastKnownFileType = sourcecode.swift; path = NBARNetworkImageSerialization.swift; sourceTree = "<group>"; };
		AE82B0042676D27B00F9FE82 /* NBARNetworkResponse.swift */ = {isa = PBXFileReference; fileEncoding = 4; lastKnownFileType = sourcecode.swift; path = NBARNetworkResponse.swift; sourceTree = "<group>"; };
		AE82B0052676D27B00F9FE82 /* NBARNetworkDataTask.swift */ = {isa = PBXFileReference; fileEncoding = 4; lastKnownFileType = sourcecode.swift; path = NBARNetworkDataTask.swift; sourceTree = "<group>"; };
		AE82B0072676D27B00F9FE82 /* NBARNetworkJSONOperation.swift */ = {isa = PBXFileReference; fileEncoding = 4; lastKnownFileType = sourcecode.swift; path = NBARNetworkJSONOperation.swift; sourceTree = "<group>"; };
		AE82B0082676D27B00F9FE82 /* NBARNetworkJSONHandler.swift */ = {isa = PBXFileReference; fileEncoding = 4; lastKnownFileType = sourcecode.swift; path = NBARNetworkJSONHandler.swift; sourceTree = "<group>"; };
		AE82B0092676D27B00F9FE82 /* NBARNetworkImageOperation.swift */ = {isa = PBXFileReference; fileEncoding = 4; lastKnownFileType = sourcecode.swift; path = NBARNetworkImageOperation.swift; sourceTree = "<group>"; };
		AE82B00A2676D27B00F9FE82 /* NBARNetworkDataHandler.swift */ = {isa = PBXFileReference; fileEncoding = 4; lastKnownFileType = sourcecode.swift; path = NBARNetworkDataHandler.swift; sourceTree = "<group>"; };
		AE82B00B2676D27B00F9FE82 /* NBARNetworkImageHandler.swift */ = {isa = PBXFileReference; fileEncoding = 4; lastKnownFileType = sourcecode.swift; path = NBARNetworkImageHandler.swift; sourceTree = "<group>"; };
		AE82B0172676D2A100F9FE82 /* NBARNetworkJSONOperationTestCase.swift */ = {isa = PBXFileReference; fileEncoding = 4; lastKnownFileType = sourcecode.swift; path = NBARNetworkJSONOperationTestCase.swift; sourceTree = "<group>"; };
		AE82B0182676D2A100F9FE82 /* NBARNetworkImageHandlerTestCase.swift */ = {isa = PBXFileReference; fileEncoding = 4; lastKnownFileType = sourcecode.swift; path = NBARNetworkImageHandlerTestCase.swift; sourceTree = "<group>"; };
		AE82B0192676D2A100F9FE82 /* NBARNetworkImageSerializationTestCase.swift */ = {isa = PBXFileReference; fileEncoding = 4; lastKnownFileType = sourcecode.swift; path = NBARNetworkImageSerializationTestCase.swift; sourceTree = "<group>"; };
		AE82B01A2676D2A100F9FE82 /* NBARNetworkDataTaskTestCase.swift */ = {isa = PBXFileReference; fileEncoding = 4; lastKnownFileType = sourcecode.swift; path = NBARNetworkDataTaskTestCase.swift; sourceTree = "<group>"; };
		AE82B01B2676D2A100F9FE82 /* NBARNetworkDataHandlerTestCase.swift */ = {isa = PBXFileReference; fileEncoding = 4; lastKnownFileType = sourcecode.swift; path = NBARNetworkDataHandlerTestCase.swift; sourceTree = "<group>"; };
		AE82B01C2676D2A100F9FE82 /* NBARNetworkSessionTestCase.swift */ = {isa = PBXFileReference; fileEncoding = 4; lastKnownFileType = sourcecode.swift; path = NBARNetworkSessionTestCase.swift; sourceTree = "<group>"; };
		AE82B01E2676D2A100F9FE82 /* NBARNetworkJSONHandlerTestCase.swift */ = {isa = PBXFileReference; fileEncoding = 4; lastKnownFileType = sourcecode.swift; path = NBARNetworkJSONHandlerTestCase.swift; sourceTree = "<group>"; };
		AE82B01F2676D2A100F9FE82 /* NBARNetworkImageOperationTestCase.swift */ = {isa = PBXFileReference; fileEncoding = 4; lastKnownFileType = sourcecode.swift; path = NBARNetworkImageOperationTestCase.swift; sourceTree = "<group>"; };
		AE82B0322676D63C00F9FE82 /* NBARNetworkTests.swift */ = {isa = PBXFileReference; lastKnownFileType = sourcecode.swift; path = NBARNetworkTests.swift; sourceTree = "<group>"; };
		AE82B0372677002900F9FE82 /* NBARNetwork.swift */ = {isa = PBXFileReference; lastKnownFileType = sourcecode.swift; path = NBARNetwork.swift; sourceTree = "<group>"; };
		AEF39E202681A2D400FB8ADD /* NBARKit.xcframework */ = {isa = PBXFileReference; lastKnownFileType = wrapper.xcframework; name = NBARKit.xcframework; path = NBARKit/NBARKit.xcframework; sourceTree = "<group>"; };
/* End PBXFileReference section */

/* Begin PBXFrameworksBuildPhase section */
		AE3C513C26684B3A0043E3D1 /* Frameworks */ = {
			isa = PBXFrameworksBuildPhase;
			buildActionMask = 2147483647;
			files = (
				AEF39E222681A31200FB8ADD /* NBARKit.xcframework in Frameworks */,
			);
			runOnlyForDeploymentPostprocessing = 0;
		};
		AE3C514D26684B3B0043E3D1 /* Frameworks */ = {
			isa = PBXFrameworksBuildPhase;
			buildActionMask = 2147483647;
			files = (
			);
			runOnlyForDeploymentPostprocessing = 0;
		};
/* End PBXFrameworksBuildPhase section */

/* Begin PBXGroup section */
		AE065FEA2668C20B0096C79C /* LICENSE */ = {
			isa = PBXGroup;
			children = (
				AE065FEB2668C20B0096C79C /* ACKNOWLEDGMENTS.txt */,
				AE065FEC2668C20B0096C79C /* LICENSE.txt */,
			);
			path = LICENSE;
			sourceTree = "<group>";
		};
		AE3C513626684B3A0043E3D1 = {
			isa = PBXGroup;
			children = (
				AEF39E1D26800B4900FB8ADD /* Frameworks */,
				AE065FEA2668C20B0096C79C /* LICENSE */,
				AE82B0012676D27B00F9FE82 /* NBARNetwork */,
				AE82B0162676D2A100F9FE82 /* NBARNetworkTests */,
				AE3C514126684B3A0043E3D1 /* NBARRuscha */,
				AE3C515326684B3B0043E3D1 /* NBARRuschaTests */,
				AE3C514026684B3A0043E3D1 /* Products */,
				AE065FED2668C2130096C79C /* README.md */,
			);
			sourceTree = "<group>";
		};
		AE3C514026684B3A0043E3D1 /* Products */ = {
			isa = PBXGroup;
			children = (
				AE3C513F26684B3A0043E3D1 /* NBARRuscha.app */,
				AE3C515026684B3B0043E3D1 /* NBARRuschaTests.xctest */,
			);
			name = Products;
			sourceTree = "<group>";
		};
		AE3C514126684B3A0043E3D1 /* NBARRuscha */ = {
			isa = PBXGroup;
			children = (
				AE3C517626684BF40043E3D1 /* Getty.png */,
				AE3C514B26684B3B0043E3D1 /* Info.plist */,
				AE3C517526684BF40043E3D1 /* Launch Screen.storyboard */,
				AE3C514226684B3A0043E3D1 /* NBARRuschaApp.swift */,
				AE3C517726684BF40043E3D1 /* NBARRuschaDataModel.swift */,
				AE3C517426684BF40043E3D1 /* NBARRuschaPicker.swift */,
				AE3C516F26684BF30043E3D1 /* NBARRuschaWebView.swift */,
			);
			path = NBARRuscha;
			sourceTree = "<group>";
		};
		AE3C515326684B3B0043E3D1 /* NBARRuschaTests */ = {
			isa = PBXGroup;
			children = (
				AE3C515626684B3B0043E3D1 /* Info.plist */,
			);
			path = NBARRuschaTests;
			sourceTree = "<group>";
		};
		AE82B0012676D27B00F9FE82 /* NBARNetwork */ = {
			isa = PBXGroup;
			children = (
				AE82B0372677002900F9FE82 /* NBARNetwork.swift */,
				AE82B00A2676D27B00F9FE82 /* NBARNetworkDataHandler.swift */,
				AE82B0052676D27B00F9FE82 /* NBARNetworkDataTask.swift */,
				AE82B00B2676D27B00F9FE82 /* NBARNetworkImageHandler.swift */,
				AE82B0092676D27B00F9FE82 /* NBARNetworkImageOperation.swift */,
				AE82B0032676D27B00F9FE82 /* NBARNetworkImageSerialization.swift */,
				AE82B0082676D27B00F9FE82 /* NBARNetworkJSONHandler.swift */,
				AE82B0072676D27B00F9FE82 /* NBARNetworkJSONOperation.swift */,
				AE82B0042676D27B00F9FE82 /* NBARNetworkResponse.swift */,
				AE82B0022676D27B00F9FE82 /* NBARNetworkSession.swift */,
			);
			path = NBARNetwork;
			sourceTree = "<group>";
		};
		AE82B0162676D2A100F9FE82 /* NBARNetworkTests */ = {
			isa = PBXGroup;
			children = (
				AE82B01B2676D2A100F9FE82 /* NBARNetworkDataHandlerTestCase.swift */,
				AE82B01A2676D2A100F9FE82 /* NBARNetworkDataTaskTestCase.swift */,
				AE82B0182676D2A100F9FE82 /* NBARNetworkImageHandlerTestCase.swift */,
				AE82B01F2676D2A100F9FE82 /* NBARNetworkImageOperationTestCase.swift */,
				AE82B0192676D2A100F9FE82 /* NBARNetworkImageSerializationTestCase.swift */,
				AE82B01E2676D2A100F9FE82 /* NBARNetworkJSONHandlerTestCase.swift */,
				AE82B0172676D2A100F9FE82 /* NBARNetworkJSONOperationTestCase.swift */,
				AE82B01C2676D2A100F9FE82 /* NBARNetworkSessionTestCase.swift */,
				AE82B0322676D63C00F9FE82 /* NBARNetworkTests.swift */,
			);
			path = NBARNetworkTests;
			sourceTree = "<group>";
		};
		AEF39E1D26800B4900FB8ADD /* Frameworks */ = {
			isa = PBXGroup;
			children = (
				AEF39E202681A2D400FB8ADD /* NBARKit.xcframework */,
			);
			name = Frameworks;
			sourceTree = "<group>";
		};
/* End PBXGroup section */

/* Begin PBXNativeTarget section */
		AE3C513E26684B3A0043E3D1 /* NBARRuscha */ = {
			isa = PBXNativeTarget;
			buildConfigurationList = AE3C516426684B3B0043E3D1 /* Build configuration list for PBXNativeTarget "NBARRuscha" */;
			buildPhases = (
				AE3C513B26684B3A0043E3D1 /* Sources */,
				AE3C513C26684B3A0043E3D1 /* Frameworks */,
				AE3C513D26684B3A0043E3D1 /* Resources */,
				AE513CF62668A04000ADB6E6 /* Embed Frameworks */,
			);
			buildRules = (
			);
			dependencies = (
			);
			name = NBARRuscha;
			productName = NBARRuscha;
			productReference = AE3C513F26684B3A0043E3D1 /* NBARRuscha.app */;
			productType = "com.apple.product-type.application";
		};
		AE3C514F26684B3B0043E3D1 /* NBARRuschaTests */ = {
			isa = PBXNativeTarget;
			buildConfigurationList = AE3C516726684B3B0043E3D1 /* Build configuration list for PBXNativeTarget "NBARRuschaTests" */;
			buildPhases = (
				AE3C514C26684B3B0043E3D1 /* Sources */,
				AE3C514D26684B3B0043E3D1 /* Frameworks */,
				AE3C514E26684B3B0043E3D1 /* Resources */,
			);
			buildRules = (
			);
			dependencies = (
				AE3C515226684B3B0043E3D1 /* PBXTargetDependency */,
			);
			name = NBARRuschaTests;
			productName = NBARRuschaTests;
			productReference = AE3C515026684B3B0043E3D1 /* NBARRuschaTests.xctest */;
			productType = "com.apple.product-type.bundle.unit-test";
		};
/* End PBXNativeTarget section */

/* Begin PBXProject section */
		AE3C513726684B3A0043E3D1 /* Project object */ = {
			isa = PBXProject;
			attributes = {
				LastSwiftUpdateCheck = 1250;
				LastUpgradeCheck = 1250;
				TargetAttributes = {
					AE3C513E26684B3A0043E3D1 = {
						CreatedOnToolsVersion = 12.5;
					};
					AE3C514F26684B3B0043E3D1 = {
						CreatedOnToolsVersion = 12.5;
						TestTargetID = AE3C513E26684B3A0043E3D1;
					};
				};
			};
			buildConfigurationList = AE3C513A26684B3A0043E3D1 /* Build configuration list for PBXProject "NBARRuscha" */;
			compatibilityVersion = "Xcode 9.3";
			developmentRegion = en;
			hasScannedForEncodings = 0;
			knownRegions = (
				en,
				Base,
			);
			mainGroup = AE3C513626684B3A0043E3D1;
			productRefGroup = AE3C514026684B3A0043E3D1 /* Products */;
			projectDirPath = "";
			projectRoot = "";
			targets = (
				AE3C513E26684B3A0043E3D1 /* NBARRuscha */,
				AE3C514F26684B3B0043E3D1 /* NBARRuschaTests */,
			);
		};
/* End PBXProject section */

/* Begin PBXResourcesBuildPhase section */
		AE3C513D26684B3A0043E3D1 /* Resources */ = {
			isa = PBXResourcesBuildPhase;
			buildActionMask = 2147483647;
			files = (
				AE3C517E26684BF40043E3D1 /* Launch Screen.storyboard in Resources */,
				AE3C517F26684BF40043E3D1 /* Getty.png in Resources */,
			);
			runOnlyForDeploymentPostprocessing = 0;
		};
		AE3C514E26684B3B0043E3D1 /* Resources */ = {
			isa = PBXResourcesBuildPhase;
			buildActionMask = 2147483647;
			files = (
			);
			runOnlyForDeploymentPostprocessing = 0;
		};
/* End PBXResourcesBuildPhase section */

/* Begin PBXSourcesBuildPhase section */
		AE3C513B26684B3A0043E3D1 /* Sources */ = {
			isa = PBXSourcesBuildPhase;
			buildActionMask = 2147483647;
			files = (
				AE82B0142676D27B00F9FE82 /* NBARNetworkDataHandler.swift in Sources */,
				AE82B0122676D27B00F9FE82 /* NBARNetworkJSONHandler.swift in Sources */,
				AE3C518026684BF40043E3D1 /* NBARRuschaDataModel.swift in Sources */,
				AE82B0132676D27B00F9FE82 /* NBARNetworkImageOperation.swift in Sources */,
				AE3C517826684BF40043E3D1 /* NBARRuschaWebView.swift in Sources */,
				AE82B0152676D27B00F9FE82 /* NBARNetworkImageHandler.swift in Sources */,
				AE82B00C2676D27B00F9FE82 /* NBARNetworkSession.swift in Sources */,
				AE3C514326684B3A0043E3D1 /* NBARRuschaApp.swift in Sources */,
				AE82B00E2676D27B00F9FE82 /* NBARNetworkResponse.swift in Sources */,
				AE82B0382677002900F9FE82 /* NBARNetwork.swift in Sources */,
				AE82B00D2676D27B00F9FE82 /* NBARNetworkImageSerialization.swift in Sources */,
				AE82B00F2676D27B00F9FE82 /* NBARNetworkDataTask.swift in Sources */,
				AE3C517D26684BF40043E3D1 /* NBARRuschaPicker.swift in Sources */,
				AE82B0112676D27B00F9FE82 /* NBARNetworkJSONOperation.swift in Sources */,
			);
			runOnlyForDeploymentPostprocessing = 0;
		};
		AE3C514C26684B3B0043E3D1 /* Sources */ = {
			isa = PBXSourcesBuildPhase;
			buildActionMask = 2147483647;
			files = (
				AE82B02A2676D30300F9FE82 /* NBARNetworkImageHandler.swift in Sources */,
				AE82B02F2676D30300F9FE82 /* NBARNetworkDataTask.swift in Sources */,
				AE82B0272676D2A100F9FE82 /* NBARNetworkJSONHandlerTestCase.swift in Sources */,
				AE82B0282676D2A100F9FE82 /* NBARNetworkImageOperationTestCase.swift in Sources */,
				AE82B0302676D30300F9FE82 /* NBARNetworkSession.swift in Sources */,
				AE82B0332676D63C00F9FE82 /* NBARNetworkTests.swift in Sources */,
				AE82B0222676D2A100F9FE82 /* NBARNetworkImageSerializationTestCase.swift in Sources */,
				AE82B0232676D2A100F9FE82 /* NBARNetworkDataTaskTestCase.swift in Sources */,
				AE82B0392677002900F9FE82 /* NBARNetwork.swift in Sources */,
				AE82B0212676D2A100F9FE82 /* NBARNetworkImageHandlerTestCase.swift in Sources */,
				AE82B02E2676D30300F9FE82 /* NBARNetworkImageSerialization.swift in Sources */,
				AE82B0312676D30300F9FE82 /* NBARNetworkDataHandler.swift in Sources */,
				AE82B0252676D2A100F9FE82 /* NBARNetworkSessionTestCase.swift in Sources */,
				AE82B02B2676D30300F9FE82 /* NBARNetworkImageOperation.swift in Sources */,
				AE82B0292676D30300F9FE82 /* NBARNetworkJSONHandler.swift in Sources */,
				AE82B02D2676D30300F9FE82 /* NBARNetworkResponse.swift in Sources */,
				AE82B02C2676D30300F9FE82 /* NBARNetworkJSONOperation.swift in Sources */,
				AE82B0242676D2A100F9FE82 /* NBARNetworkDataHandlerTestCase.swift in Sources */,
				AE82B0202676D2A100F9FE82 /* NBARNetworkJSONOperationTestCase.swift in Sources */,
			);
			runOnlyForDeploymentPostprocessing = 0;
		};
/* End PBXSourcesBuildPhase section */

/* Begin PBXTargetDependency section */
		AE3C515226684B3B0043E3D1 /* PBXTargetDependency */ = {
			isa = PBXTargetDependency;
			target = AE3C513E26684B3A0043E3D1 /* NBARRuscha */;
			targetProxy = AE3C515126684B3B0043E3D1 /* PBXContainerItemProxy */;
		};
/* End PBXTargetDependency section */

/* Begin XCBuildConfiguration section */
		AE3C516226684B3B0043E3D1 /* Debug */ = {
			isa = XCBuildConfiguration;
			buildSettings = {
				ALWAYS_SEARCH_USER_PATHS = NO;
				CLANG_ANALYZER_NONNULL = YES;
				CLANG_ANALYZER_NUMBER_OBJECT_CONVERSION = YES_AGGRESSIVE;
				CLANG_CXX_LANGUAGE_STANDARD = "gnu++14";
				CLANG_CXX_LIBRARY = "libc++";
				CLANG_ENABLE_MODULES = YES;
				CLANG_ENABLE_OBJC_ARC = YES;
				CLANG_ENABLE_OBJC_WEAK = YES;
				CLANG_WARN_BLOCK_CAPTURE_AUTORELEASING = YES;
				CLANG_WARN_BOOL_CONVERSION = YES;
				CLANG_WARN_COMMA = YES;
				CLANG_WARN_CONSTANT_CONVERSION = YES;
				CLANG_WARN_DEPRECATED_OBJC_IMPLEMENTATIONS = YES;
				CLANG_WARN_DIRECT_OBJC_ISA_USAGE = YES_ERROR;
				CLANG_WARN_DOCUMENTATION_COMMENTS = YES;
				CLANG_WARN_EMPTY_BODY = YES;
				CLANG_WARN_ENUM_CONVERSION = YES;
				CLANG_WARN_INFINITE_RECURSION = YES;
				CLANG_WARN_INT_CONVERSION = YES;
				CLANG_WARN_NON_LITERAL_NULL_CONVERSION = YES;
				CLANG_WARN_OBJC_IMPLICIT_RETAIN_SELF = YES;
				CLANG_WARN_OBJC_LITERAL_CONVERSION = YES;
				CLANG_WARN_OBJC_ROOT_CLASS = YES_ERROR;
				CLANG_WARN_QUOTED_INCLUDE_IN_FRAMEWORK_HEADER = YES;
				CLANG_WARN_RANGE_LOOP_ANALYSIS = YES;
				CLANG_WARN_STRICT_PROTOTYPES = YES;
				CLANG_WARN_SUSPICIOUS_MOVE = YES;
				CLANG_WARN_UNGUARDED_AVAILABILITY = YES_AGGRESSIVE;
				CLANG_WARN_UNREACHABLE_CODE = YES;
				CLANG_WARN__DUPLICATE_METHOD_MATCH = YES;
				COPY_PHASE_STRIP = NO;
				DEBUG_INFORMATION_FORMAT = dwarf;
				ENABLE_STRICT_OBJC_MSGSEND = YES;
				ENABLE_TESTABILITY = YES;
				GCC_C_LANGUAGE_STANDARD = gnu11;
				GCC_DYNAMIC_NO_PIC = NO;
				GCC_NO_COMMON_BLOCKS = YES;
				GCC_OPTIMIZATION_LEVEL = 0;
				GCC_PREPROCESSOR_DEFINITIONS = (
					"DEBUG=1",
					"$(inherited)",
				);
				GCC_WARN_64_TO_32_BIT_CONVERSION = YES;
				GCC_WARN_ABOUT_RETURN_TYPE = YES_ERROR;
				GCC_WARN_UNDECLARED_SELECTOR = YES;
				GCC_WARN_UNINITIALIZED_AUTOS = YES_AGGRESSIVE;
				GCC_WARN_UNUSED_FUNCTION = YES;
				GCC_WARN_UNUSED_VARIABLE = YES;
				IPHONEOS_DEPLOYMENT_TARGET = 14.0;
				MTL_ENABLE_DEBUG_INFO = INCLUDE_SOURCE;
				MTL_FAST_MATH = YES;
				ONLY_ACTIVE_ARCH = YES;
				SDKROOT = iphoneos;
				SWIFT_ACTIVE_COMPILATION_CONDITIONS = DEBUG;
				SWIFT_OPTIMIZATION_LEVEL = "-Onone";
			};
			name = Debug;
		};
		AE3C516326684B3B0043E3D1 /* Release */ = {
			isa = XCBuildConfiguration;
			buildSettings = {
				ALWAYS_SEARCH_USER_PATHS = NO;
				CLANG_ANALYZER_NONNULL = YES;
				CLANG_ANALYZER_NUMBER_OBJECT_CONVERSION = YES_AGGRESSIVE;
				CLANG_CXX_LANGUAGE_STANDARD = "gnu++14";
				CLANG_CXX_LIBRARY = "libc++";
				CLANG_ENABLE_MODULES = YES;
				CLANG_ENABLE_OBJC_ARC = YES;
				CLANG_ENABLE_OBJC_WEAK = YES;
				CLANG_WARN_BLOCK_CAPTURE_AUTORELEASING = YES;
				CLANG_WARN_BOOL_CONVERSION = YES;
				CLANG_WARN_COMMA = YES;
				CLANG_WARN_CONSTANT_CONVERSION = YES;
				CLANG_WARN_DEPRECATED_OBJC_IMPLEMENTATIONS = YES;
				CLANG_WARN_DIRECT_OBJC_ISA_USAGE = YES_ERROR;
				CLANG_WARN_DOCUMENTATION_COMMENTS = YES;
				CLANG_WARN_EMPTY_BODY = YES;
				CLANG_WARN_ENUM_CONVERSION = YES;
				CLANG_WARN_INFINITE_RECURSION = YES;
				CLANG_WARN_INT_CONVERSION = YES;
				CLANG_WARN_NON_LITERAL_NULL_CONVERSION = YES;
				CLANG_WARN_OBJC_IMPLICIT_RETAIN_SELF = YES;
				CLANG_WARN_OBJC_LITERAL_CONVERSION = YES;
				CLANG_WARN_OBJC_ROOT_CLASS = YES_ERROR;
				CLANG_WARN_QUOTED_INCLUDE_IN_FRAMEWORK_HEADER = YES;
				CLANG_WARN_RANGE_LOOP_ANALYSIS = YES;
				CLANG_WARN_STRICT_PROTOTYPES = YES;
				CLANG_WARN_SUSPICIOUS_MOVE = YES;
				CLANG_WARN_UNGUARDED_AVAILABILITY = YES_AGGRESSIVE;
				CLANG_WARN_UNREACHABLE_CODE = YES;
				CLANG_WARN__DUPLICATE_METHOD_MATCH = YES;
				COPY_PHASE_STRIP = NO;
				DEBUG_INFORMATION_FORMAT = "dwarf-with-dsym";
				ENABLE_NS_ASSERTIONS = NO;
				ENABLE_STRICT_OBJC_MSGSEND = YES;
				GCC_C_LANGUAGE_STANDARD = gnu11;
				GCC_NO_COMMON_BLOCKS = YES;
				GCC_WARN_64_TO_32_BIT_CONVERSION = YES;
				GCC_WARN_ABOUT_RETURN_TYPE = YES_ERROR;
				GCC_WARN_UNDECLARED_SELECTOR = YES;
				GCC_WARN_UNINITIALIZED_AUTOS = YES_AGGRESSIVE;
				GCC_WARN_UNUSED_FUNCTION = YES;
				GCC_WARN_UNUSED_VARIABLE = YES;
				IPHONEOS_DEPLOYMENT_TARGET = 14.0;
				MTL_ENABLE_DEBUG_INFO = NO;
				MTL_FAST_MATH = YES;
				SDKROOT = iphoneos;
				SWIFT_COMPILATION_MODE = wholemodule;
				SWIFT_OPTIMIZATION_LEVEL = "-O";
				VALIDATE_PRODUCT = YES;
			};
			name = Release;
		};
		AE3C516526684B3B0043E3D1 /* Debug */ = {
			isa = XCBuildConfiguration;
			buildSettings = {
				ASSETCATALOG_COMPILER_GLOBAL_ACCENT_COLOR_NAME = AccentColor;
				CODE_SIGN_STYLE = Automatic;
				CURRENT_PROJECT_VERSION = 4;
				DEVELOPMENT_TEAM = WLPE3F9YYB;
				ENABLE_PREVIEWS = YES;
				INFOPLIST_FILE = NBARRuscha/Info.plist;
				IPHONEOS_DEPLOYMENT_TARGET = 14.0;
				LD_RUNPATH_SEARCH_PATHS = (
					"$(inherited)",
					"@executable_path/Frameworks",
				);
				MARKETING_VERSION = 0.4;
				PRODUCT_BUNDLE_IDENTIFIER = com.northbronson.NBARRuscha;
				PRODUCT_NAME = "$(TARGET_NAME)";
				SWIFT_VERSION = 5.0;
				TARGETED_DEVICE_FAMILY = "1,2";
			};
			name = Debug;
		};
		AE3C516626684B3B0043E3D1 /* Release */ = {
			isa = XCBuildConfiguration;
			buildSettings = {
				ASSETCATALOG_COMPILER_GLOBAL_ACCENT_COLOR_NAME = AccentColor;
				CODE_SIGN_STYLE = Automatic;
				CURRENT_PROJECT_VERSION = 4;
				DEVELOPMENT_TEAM = WLPE3F9YYB;
				ENABLE_PREVIEWS = YES;
				INFOPLIST_FILE = NBARRuscha/Info.plist;
				IPHONEOS_DEPLOYMENT_TARGET = 14.0;
				LD_RUNPATH_SEARCH_PATHS = (
					"$(inherited)",
					"@executable_path/Frameworks",
				);
				MARKETING_VERSION = 0.4;
				PRODUCT_BUNDLE_IDENTIFIER = com.northbronson.NBARRuscha;
				PRODUCT_NAME = "$(TARGET_NAME)";
				SWIFT_VERSION = 5.0;
				TARGETED_DEVICE_FAMILY = "1,2";
			};
			name = Release;
		};
		AE3C516826684B3B0043E3D1 /* Debug */ = {
			isa = XCBuildConfiguration;
			buildSettings = {
				ALWAYS_EMBED_SWIFT_STANDARD_LIBRARIES = YES;
				BUNDLE_LOADER = "$(TEST_HOST)";
				CODE_SIGN_STYLE = Automatic;
				DEVELOPMENT_TEAM = WLPE3F9YYB;
				INFOPLIST_FILE = NBARRuschaTests/Info.plist;
				IPHONEOS_DEPLOYMENT_TARGET = 14.0;
				LD_RUNPATH_SEARCH_PATHS = (
					"$(inherited)",
					"@executable_path/Frameworks",
					"@loader_path/Frameworks",
				);
				PRODUCT_BUNDLE_IDENTIFIER = com.northbronson.NBARRuschaTests;
				PRODUCT_NAME = "$(TARGET_NAME)";
				SWIFT_VERSION = 5.0;
				TARGETED_DEVICE_FAMILY = "1,2";
				TEST_HOST = "$(BUILT_PRODUCTS_DIR)/NBARRuscha.app/NBARRuscha";
			};
			name = Debug;
		};
		AE3C516926684B3B0043E3D1 /* Release */ = {
			isa = XCBuildConfiguration;
			buildSettings = {
				ALWAYS_EMBED_SWIFT_STANDARD_LIBRARIES = YES;
				BUNDLE_LOADER = "$(TEST_HOST)";
				CODE_SIGN_STYLE = Automatic;
				DEVELOPMENT_TEAM = WLPE3F9YYB;
				INFOPLIST_FILE = NBARRuschaTests/Info.plist;
				IPHONEOS_DEPLOYMENT_TARGET = 14.0;
				LD_RUNPATH_SEARCH_PATHS = (
					"$(inherited)",
					"@executable_path/Frameworks",
					"@loader_path/Frameworks",
				);
				PRODUCT_BUNDLE_IDENTIFIER = com.northbronson.NBARRuschaTests;
				PRODUCT_NAME = "$(TARGET_NAME)";
				SWIFT_VERSION = 5.0;
				TARGETED_DEVICE_FAMILY = "1,2";
				TEST_HOST = "$(BUILT_PRODUCTS_DIR)/NBARRuscha.app/NBARRuscha";
			};
			name = Release;
		};
/* End XCBuildConfiguration section */

/* Begin XCConfigurationList section */
		AE3C513A26684B3A0043E3D1 /* Build configuration list for PBXProject "NBARRuscha" */ = {
			isa = XCConfigurationList;
			buildConfigurations = (
				AE3C516226684B3B0043E3D1 /* Debug */,
				AE3C516326684B3B0043E3D1 /* Release */,
			);
			defaultConfigurationIsVisible = 0;
			defaultConfigurationName = Release;
		};
		AE3C516426684B3B0043E3D1 /* Build configuration list for PBXNativeTarget "NBARRuscha" */ = {
			isa = XCConfigurationList;
			buildConfigurations = (
				AE3C516526684B3B0043E3D1 /* Debug */,
				AE3C516626684B3B0043E3D1 /* Release */,
			);
			defaultConfigurationIsVisible = 0;
			defaultConfigurationName = Release;
		};
		AE3C516726684B3B0043E3D1 /* Build configuration list for PBXNativeTarget "NBARRuschaTests" */ = {
			isa = XCConfigurationList;
			buildConfigurations = (
				AE3C516826684B3B0043E3D1 /* Debug */,
				AE3C516926684B3B0043E3D1 /* Release */,
			);
			defaultConfigurationIsVisible = 0;
			defaultConfigurationName = Release;
		};
/* End XCConfigurationList section */
	};
	rootObject = AE3C513726684B3A0043E3D1 /* Project object */;
}
